# This file is generated by running "yarn install" inside your project.
# Manual changes might be lost - proceed with caution!

__metadata:
  version: 6

"@myparcel/shopware-plugin@workspace:.":
  version: 0.0.0-use.local
  resolution: "@myparcel/shopware-plugin@workspace:."
  languageName: unknown
  linkType: soft

"administration@workspace:src/Resources/app/administration":
  version: 0.0.0-use.local
  resolution: "administration@workspace:src/Resources/app/administration"
  languageName: unknown
  linkType: soft

"storefront@workspace:src/Resources/app/storefront":
  version: 0.0.0-use.local
  resolution: "storefront@workspace:src/Resources/app/storefront"
  languageName: unknown
  linkType: soft
