# This file is generated by running "yarn install" inside your project.
# Manual changes might be lost - proceed with caution!

__metadata:
  version: 6
  cacheKey: 8

"@babel/runtime@npm:^7.11.2":
  version: 7.20.1
  resolution: "@babel/runtime@npm:7.20.1"
  dependencies:
    regenerator-runtime: ^0.13.10
  checksum: 00567a333d3357925742a6f5e39394dcc0af6e6029103fe188158bf7ae8b0b3ee3c6c0f68fccc217f0a6cfa455f6be252298baf56b3f5ff37b34313b170cd9f6
  languageName: node
  linkType: hard

"@fortawesome/fontawesome-common-types@npm:^0.2.36":
  version: 0.2.36
  resolution: "@fortawesome/fontawesome-common-types@npm:0.2.36"
  checksum: d604ac51da0b1597127fde70c64157b70ead6af7f2643ab7dfca268ef99d4ed0b4cc823afba206362422a622e389828408bec573df802bf4f02b118d0fa18dc8
  languageName: node
  linkType: hard

"@fortawesome/free-solid-svg-icons@npm:^5.15.4":
  version: 5.15.4
  resolution: "@fortawesome/free-solid-svg-icons@npm:5.15.4"
  dependencies:
    "@fortawesome/fontawesome-common-types": ^0.2.36
  checksum: eb037b703827ee37af3387a964afc7a190ff42a674ef46f4a6c295b634a38e849741eca78306b6423eaf3062d6ab1e7372aac5be2aec06f0fd9e8bd8110efcf9
  languageName: node
  linkType: hard

"@myparcel/delivery-options@npm:^5.3.1":
  version: 5.3.1
  resolution: "@myparcel/delivery-options@npm:5.3.1"
  dependencies:
    "@fortawesome/free-solid-svg-icons": ^5.15.4
    "@myparcel/js-sdk": ^2.0.3
    core-js: ^3.26.0
    custom-event-polyfill: ^1.0.7
    is-ci: ^3.0.1
    lodash-es: ^4.17.21
    raw-loader: ^4.0.2
    vue: ~2.6.13
    vue-async-computed: ^3.9.0
    vue-click-outside: ^1.1.0
    vue-fa: ^2.0.1
  checksum: 5d1889bbfaea753f1bcf69c6dff90bf2933d963c31d2132f13e062262bcbb0f6c365858084a63870cbe376e4009ca62f4e83b126a56234e813a7fd94c390a401
  languageName: node
  linkType: hard

"@myparcel/js-sdk@npm:^2.0.3":
  version: 2.0.3
  resolution: "@myparcel/js-sdk@npm:2.0.3"
  dependencies:
    "@babel/runtime": ^7.11.2
    "@teamawesome/transform": ^2.0.2
    node-fetch: ^2.6.1
    uber-json-schema-filter: ^2.0.5
  checksum: 4d6e2845b4a3738ac4364d3a9896ef85131e993810ca481eaa402edaaacac44f2f399b8250abed3ee7808d254c80f79f0291a4ecd33004167bea8439ac3aa929
  languageName: node
  linkType: hard

"@myparcel/shopware-plugin@workspace:.":
  version: 0.0.0-use.local
  resolution: "@myparcel/shopware-plugin@workspace:."
  languageName: unknown
  linkType: soft

"@teamawesome/transform@npm:^2.0.2":
  version: 2.0.5
  resolution: "@teamawesome/transform@npm:2.0.5"
  checksum: bc7ae1ebdce1513a01f437eccf93e4685f416d64696ad8f63b232fcbd0abf622539951813da84696d03c763978a16592f3b60c5a514faa6437e063268ddf7cd9
  languageName: node
  linkType: hard

"@types/json-schema@npm:^7.0.8":
  version: 7.0.11
  resolution: "@types/json-schema@npm:7.0.11"
  checksum: 527bddfe62db9012fccd7627794bd4c71beb77601861055d87e3ee464f2217c85fca7a4b56ae677478367bbd248dbde13553312b7d4dbc702a2f2bbf60c4018d
  languageName: node
  linkType: hard

"administration@workspace:src/Resources/app/administration":
  version: 0.0.0-use.local
  resolution: "administration@workspace:src/Resources/app/administration"
  languageName: unknown
  linkType: soft

"ajv-keywords@npm:^3.5.2":
  version: 3.5.2
  resolution: "ajv-keywords@npm:3.5.2"
  peerDependencies:
    ajv: ^6.9.1
  checksum: 7dc5e5931677a680589050f79dcbe1fefbb8fea38a955af03724229139175b433c63c68f7ae5f86cf8f65d55eb7c25f75a046723e2e58296707617ca690feae9
  languageName: node
  linkType: hard

"ajv@npm:^6.12.5":
  version: 6.12.6
  resolution: "ajv@npm:6.12.6"
  dependencies:
    fast-deep-equal: ^3.1.1
    fast-json-stable-stringify: ^2.0.0
    json-schema-traverse: ^0.4.1
    uri-js: ^4.2.2
  checksum: 874972efe5c4202ab0a68379481fbd3d1b5d0a7bd6d3cc21d40d3536ebff3352a2a1fabb632d4fd2cc7fe4cbdcd5ed6782084c9bbf7f32a1536d18f9da5007d4
  languageName: node
  linkType: hard

"big.js@npm:^5.2.2":
  version: 5.2.2
  resolution: "big.js@npm:5.2.2"
  checksum: b89b6e8419b097a8fb4ed2399a1931a68c612bce3cfd5ca8c214b2d017531191070f990598de2fc6f3f993d91c0f08aa82697717f6b3b8732c9731866d233c9e
  languageName: node
  linkType: hard

"ci-info@npm:^3.2.0":
  version: 3.7.0
  resolution: "ci-info@npm:3.7.0"
  checksum: 6e5df0250382ff3732703b36b958d2d892dd3c481f9671666f96c2ab7888be744bc4dca81395be958dcb828502d94f18fa9aa8901c5a3c9923cda212df02724c
  languageName: node
  linkType: hard

"core-js@npm:^3.26.0":
  version: 3.26.1
  resolution: "core-js@npm:3.26.1"
  checksum: 0a01149f51ff1e9f41d1ea49cc4c9222047949ea597189ede7c4cf8cde3b097766b9c7615acc77c86fe65b4002f20b638a133dfba7b41dba830d707aeeed45ad
  languageName: node
  linkType: hard

"custom-event-polyfill@npm:^1.0.7":
  version: 1.0.7
  resolution: "custom-event-polyfill@npm:1.0.7"
  checksum: f9ff2cf13e482a75b3cf83dce9e2c6e3063c5ac1b9c23ac440e4f27e875b0873445b11811237f3f30aeb1216e9ad20f9f9d30ccf5b1b658a4e50dd0b3e67b629
  languageName: node
  linkType: hard

"emojis-list@npm:^3.0.0":
  version: 3.0.0
  resolution: "emojis-list@npm:3.0.0"
  checksum: ddaaa02542e1e9436c03970eeed445f4ed29a5337dfba0fe0c38dfdd2af5da2429c2a0821304e8a8d1cadf27fdd5b22ff793571fa803ae16852a6975c65e8e70
  languageName: node
  linkType: hard

"fast-deep-equal@npm:^3.1.1":
  version: 3.1.3
  resolution: "fast-deep-equal@npm:3.1.3"
  checksum: e21a9d8d84f53493b6aa15efc9cfd53dd5b714a1f23f67fb5dc8f574af80df889b3bce25dc081887c6d25457cce704e636395333abad896ccdec03abaf1f3f9d
  languageName: node
  linkType: hard

"fast-json-stable-stringify@npm:^2.0.0":
  version: 2.1.0
  resolution: "fast-json-stable-stringify@npm:2.1.0"
  checksum: b191531e36c607977e5b1c47811158733c34ccb3bfde92c44798929e9b4154884378536d26ad90dfecd32e1ffc09c545d23535ad91b3161a27ddbb8ebe0cbecb
  languageName: node
  linkType: hard

"is-ci@npm:^3.0.1":
  version: 3.0.1
  resolution: "is-ci@npm:3.0.1"
  dependencies:
    ci-info: ^3.2.0
  bin:
    is-ci: bin.js
  checksum: 192c66dc7826d58f803ecae624860dccf1899fc1f3ac5505284c0a5cf5f889046ffeb958fa651e5725d5705c5bcb14f055b79150ea5fcad7456a9569de60260e
  languageName: node
  linkType: hard

"json-schema-traverse@npm:^0.4.1":
  version: 0.4.1
  resolution: "json-schema-traverse@npm:0.4.1"
  checksum: 7486074d3ba247769fda17d5181b345c9fb7d12e0da98b22d1d71a5db9698d8b4bd900a3ec1a4ffdd60846fc2556274a5c894d0c48795f14cb03aeae7b55260b
  languageName: node
  linkType: hard

"json5@npm:^2.1.2":
  version: 2.2.1
  resolution: "json5@npm:2.2.1"
  bin:
    json5: lib/cli.js
  checksum: 74b8a23b102a6f2bf2d224797ae553a75488b5adbaee9c9b6e5ab8b510a2fc6e38f876d4c77dea672d4014a44b2399e15f2051ac2b37b87f74c0c7602003543b
  languageName: node
  linkType: hard

"loader-utils@npm:^2.0.0":
  version: 2.0.4
  resolution: "loader-utils@npm:2.0.4"
  dependencies:
    big.js: ^5.2.2
    emojis-list: ^3.0.0
    json5: ^2.1.2
  checksum: a5281f5fff1eaa310ad5e1164095689443630f3411e927f95031ab4fb83b4a98f388185bb1fe949e8ab8d4247004336a625e9255c22122b815bb9a4c5d8fc3b7
  languageName: node
  linkType: hard

"lodash-es@npm:^4.17.21":
  version: 4.17.21
  resolution: "lodash-es@npm:4.17.21"
  checksum: 05cbffad6e2adbb331a4e16fbd826e7faee403a1a04873b82b42c0f22090f280839f85b95393f487c1303c8a3d2a010048bf06151a6cbe03eee4d388fb0a12d2
  languageName: node
  linkType: hard

"node-fetch@npm:^2.6.1":
  version: 2.6.7
  resolution: "node-fetch@npm:2.6.7"
  dependencies:
    whatwg-url: ^5.0.0
  peerDependencies:
    encoding: ^0.1.0
  peerDependenciesMeta:
    encoding:
      optional: true
  checksum: 8d816ffd1ee22cab8301c7756ef04f3437f18dace86a1dae22cf81db8ef29c0bf6655f3215cb0cdb22b420b6fe141e64b26905e7f33f9377a7fa59135ea3e10b
  languageName: node
  linkType: hard

"punycode@npm:^2.1.0":
  version: 2.1.1
  resolution: "punycode@npm:2.1.1"
  checksum: 823bf443c6dd14f669984dea25757b37993f67e8d94698996064035edd43bed8a5a17a9f12e439c2b35df1078c6bec05a6c86e336209eb1061e8025c481168e8
  languageName: node
  linkType: hard

"raw-loader@npm:^4.0.2":
  version: 4.0.2
  resolution: "raw-loader@npm:4.0.2"
  dependencies:
    loader-utils: ^2.0.0
    schema-utils: ^3.0.0
  peerDependencies:
    webpack: ^4.0.0 || ^5.0.0
  checksum: 51cc1b0d0e8c37c4336b5318f3b2c9c51d6998ad6f56ea09612afcfefc9c1f596341309e934a744ae907177f28efc9f1654eacd62151e82853fcc6d37450e795
  languageName: node
  linkType: hard

"regenerator-runtime@npm:^0.13.10":
  version: 0.13.11
  resolution: "regenerator-runtime@npm:0.13.11"
  checksum: 27481628d22a1c4e3ff551096a683b424242a216fee44685467307f14d58020af1e19660bf2e26064de946bad7eff28950eae9f8209d55723e2d9351e632bbb4
  languageName: node
  linkType: hard

"schema-utils@npm:^3.0.0":
  version: 3.1.1
  resolution: "schema-utils@npm:3.1.1"
  dependencies:
    "@types/json-schema": ^7.0.8
    ajv: ^6.12.5
    ajv-keywords: ^3.5.2
  checksum: fb73f3d759d43ba033c877628fe9751620a26879f6301d3dbeeb48cf2a65baec5cdf99da65d1bf3b4ff5444b2e59cbe4f81c2456b5e0d2ba7d7fd4aed5da29ce
  languageName: node
  linkType: hard

"storefront@workspace:src/Resources/app/storefront":
  version: 0.0.0-use.local
  resolution: "storefront@workspace:src/Resources/app/storefront"
  dependencies:
    "@myparcel/delivery-options": ^5.3.1
  languageName: unknown
  linkType: soft

"tr46@npm:~0.0.3":
  version: 0.0.3
  resolution: "tr46@npm:0.0.3"
  checksum: 726321c5eaf41b5002e17ffbd1fb7245999a073e8979085dacd47c4b4e8068ff5777142fc6726d6ca1fd2ff16921b48788b87225cbc57c72636f6efa8efbffe3
  languageName: node
  linkType: hard

"uber-json-schema-filter@npm:^2.0.5":
  version: 2.0.5
  resolution: "uber-json-schema-filter@npm:2.0.5"
  checksum: 4760da348caaf5ffe810f277988dd249c09f62c9f2f258a43f9bfb896091c6bba14d75381f4b1e3b2277ce9f51c9dd620127374c0b22466abe480b69756c51f2
  languageName: node
  linkType: hard

"uri-js@npm:^4.2.2":
  version: 4.4.1
  resolution: "uri-js@npm:4.4.1"
  dependencies:
    punycode: ^2.1.0
  checksum: 7167432de6817fe8e9e0c9684f1d2de2bb688c94388f7569f7dbdb1587c9f4ca2a77962f134ec90be0cc4d004c939ff0d05acc9f34a0db39a3c797dada262633
  languageName: node
  linkType: hard

"vue-async-computed@npm:^3.9.0":
  version: 3.9.0
  resolution: "vue-async-computed@npm:3.9.0"
  peerDependencies:
    vue: ~2
  checksum: f2acd2941713e8b2a128b7577857d5904f0404ec768baba0c8e8e4abb386d8c1569bed6c97019bd2d6b0cfc724b64c2f8fba6783dfed63be51c3c75ade807f79
  languageName: node
  linkType: hard

"vue-click-outside@npm:^1.1.0":
  version: 1.1.0
  resolution: "vue-click-outside@npm:1.1.0"
  checksum: 69f559e914d189211d8c8cb9a14854d2e888bb587955ab948cf37f5b33751122b888410fddaf958ba03f1b6dcf23d003c63e30ecf6e5fca43d3d3b5fbc148e73
  languageName: node
  linkType: hard

"vue-fa@npm:^2.0.1":
  version: 2.0.1
  resolution: "vue-fa@npm:2.0.1"
  checksum: 2b53739ef3db35ba4b64b292f5c6e042d48b91b4da4e630b3a1a3d51a1136fedcbe591b495a0014861792c42e2176cdc5b5ff7b9c3a70fbafa0fde845660dcde
  languageName: node
  linkType: hard

"vue@npm:~2.6.13":
  version: 2.6.14
  resolution: "vue@npm:2.6.14"
  checksum: 23524a1bdca094d62cb3491a46317eed75184b5d61d28fa846ea5d2b241c1cc7084fc67ee259d47a50a6d0bbc33ecaceb7bb52bff81312fe7da07263f3419942
  languageName: node
  linkType: hard

"webidl-conversions@npm:^3.0.0":
  version: 3.0.1
  resolution: "webidl-conversions@npm:3.0.1"
  checksum: c92a0a6ab95314bde9c32e1d0a6dfac83b578f8fa5f21e675bc2706ed6981bc26b7eb7e6a1fab158e5ce4adf9caa4a0aee49a52505d4d13c7be545f15021b17c
  languageName: node
  linkType: hard

"whatwg-url@npm:^5.0.0":
  version: 5.0.0
  resolution: "whatwg-url@npm:5.0.0"
  dependencies:
    tr46: ~0.0.3
    webidl-conversions: ^3.0.0
  checksum: b8daed4ad3356cc4899048a15b2c143a9aed0dfae1f611ebd55073310c7b910f522ad75d727346ad64203d7e6c79ef25eafd465f4d12775ca44b90fa82ed9e2c
  languageName: node
  linkType: hard
